
Microsoft Visual Studio Solution File, Format Version 12.00
# Visual Studio Version 16
VisualStudioVersion = 16.0.32228.343
MinimumVisualStudioVersion = 10.0.40219.1
Project("{FAE04EC0-301F-11D3-BF4B-00C04F79EFBC}") = "DataAccess", "DataAccess\DataAccess.csproj", "{599D98A6-9013-4C64-AEF0-B8AB30691A88}"
EndProject
Project("{FAE04EC0-301F-11D3-BF4B-00C04F79EFBC}") = "Business", "Business\Business.csproj", "{3A32552E-C772-4AF8-ACED-344BD72CEA79}"
EndProject
Project("{FAE04EC0-301F-11D3-BF4B-00C04F79EFBC}") = "Entities", "Entities\Entities.csproj", "{54D4891D-EFD2-4208-890A-2B5A16301D78}"
EndProject
Project("{FAE04EC0-301F-11D3-BF4B-00C04F79EFBC}") = "ConsoleUI", "ConsoleUI\ConsoleUI.csproj", "{6298D351-C039-4E53-BA37-2EACE4D47F3B}"
EndProject
Global
	GlobalSection(SolutionConfigurationPlatforms) = preSolution
		Debug|Any CPU = Debug|Any CPU
		Release|Any CPU = Release|Any CPU
	EndGlobalSection
	GlobalSection(ProjectConfigurationPlatforms) = postSolution
		{599D98A6-9013-4C64-AEF0-B8AB30691A88}.Debug|Any CPU.ActiveCfg = Debug|Any CPU
		{599D98A6-9013-4C64-AEF0-B8AB30691A88}.Debug|Any CPU.Build.0 = Debug|Any CPU
		{599D98A6-9013-4C64-AEF0-B8AB30691A88}.Release|Any CPU.ActiveCfg = Release|Any CPU
		{599D98A6-9013-4C64-AEF0-B8AB30691A88}.Release|Any CPU.Build.0 = Release|Any CPU
		{3A32552E-C772-4AF8-ACED-344BD72CEA79}.Debug|Any CPU.ActiveCfg = Debug|Any CPU
		{3A32552E-C772-4AF8-ACED-344BD72CEA79}.Debug|Any CPU.Build.0 = Debug|Any CPU
		{3A32552E-C772-4AF8-ACED-344BD72CEA79}.Release|Any CPU.ActiveCfg = Release|Any CPU
		{3A32552E-C772-4AF8-ACED-344BD72CEA79}.Release|Any CPU.Build.0 = Release|Any CPU
		{54D4891D-EFD2-4208-890A-2B5A16301D78}.Debug|Any CPU.ActiveCfg = Debug|Any CPU
		{54D4891D-EFD2-4208-890A-2B5A16301D78}.Debug|Any CPU.Build.0 = Debug|Any CPU
		{54D4891D-EFD2-4208-890A-2B5A16301D78}.Release|Any CPU.ActiveCfg = Release|Any CPU
		{54D4891D-EFD2-4208-890A-2B5A16301D78}.Release|Any CPU.Build.0 = Release|Any CPU
		{6298D351-C039-4E53-BA37-2EACE4D47F3B}.Debug|Any CPU.ActiveCfg = Debug|Any CPU
		{6298D351-C039-4E53-BA37-2EACE4D47F3B}.Debug|Any CPU.Build.0 = Debug|Any CPU
		{6298D351-C039-4E53-BA37-2EACE4D47F3B}.Release|Any CPU.ActiveCfg = Release|Any CPU
		{6298D351-C039-4E53-BA37-2EACE4D47F3B}.Release|Any CPU.Build.0 = Release|Any CPU
	EndGlobalSection
	GlobalSection(SolutionProperties) = preSolution
		HideSolutionNode = FALSE
	EndGlobalSection
	GlobalSection(ExtensibilityGlobals) = postSolution
		SolutionGuid = {03CC6B33-FBCE-4DD6-9E44-D9F77CFDC9D5}
	EndGlobalSection
EndGlobal
